<?xml version="1.0" encoding="utf-8"?>
<Project ToolsVersion="4.0" xmlns="http://schemas.microsoft.com/developer/msbuild/2003">
  <ItemGroup>
    <Manifest Include="winfile.exe.manifest" />
  </ItemGroup>
  <ItemGroup>
    <ClCompile Include="archiveprogress.cpp" />
    <ClCompile Include="lfn.cpp" />
    <ClCompile Include="lfnmisc.cpp" />
    <ClCompile Include="numfmt.cpp" />
    <ClCompile Include="suggest.cpp" />
    <ClCompile Include="treectl.cpp" />
    <ClCompile Include="wfchgnot.cpp" />
    <ClCompile Include="wfcomman.cpp" />
    <ClCompile Include="wfcopy.cpp" />
    <ClCompile Include="wfdir.cpp" />
    <ClCompile Include="wfdirrd.cpp" />
    <ClCompile Include="wfdirsrc.cpp" />
    <ClCompile Include="wfdlgs.cpp" />
    <ClCompile Include="wfdlgs2.cpp" />
    <ClCompile Include="wfdlgs3.cpp" />
    <ClCompile Include="wfdos.cpp" />
    <ClCompile Include="wfdrives.cpp" />
    <ClCompile Include="wfdrop.cpp" />
    <ClCompile Include="wfext.cpp" />
    <ClCompile Include="wffile.cpp" />
    <ClCompile Include="wfinfo.cpp" />
    <ClCompile Include="wfinit.cpp" />
    <ClCompile Include="wfmem.cpp" />
    <ClCompile Include="wfsearch.cpp" />
    <ClCompile Include="wftree.cpp" />
    <ClCompile Include="wfutil.cpp" />
    <ClCompile Include="winfile.cpp" />
    <ClCompile Include="wnetcaps.cpp" />
    <ClCompile Include="wfdpi.cpp">
      <Filter>Source Files</Filter>
    </ClCompile>
    <ClCompile Include="resize.cpp" />
    <ClCompile Include="wfpng.cpp" />
    <ClCompile Include="wfdragsrc.cpp" />
    <ClCompile Include="wfrecyclebin.cpp" />
    <ClCompile Include="gitbash.cpp" />
    <ClCompile Include="bookmark.cpp" />
  </ItemGroup>
  <ItemGroup>
    <ClInclude Include="archiveprogress.h" />
    <ClInclude Include="lfn.h" />
    <ClInclude Include="mpr.h" />
    <ClInclude Include="numfmt.h" />
    <ClInclude Include="suggest.h" />
    <ClInclude Include="treectl.h" />
    <ClInclude Include="wfcopy.h" />
    <ClInclude Include="wfdlgs.h" />
    <ClInclude Include="wfdocb.h" />
    <ClInclude Include="wfdrop.h" />
    <ClInclude Include="wfext.h" />
    <ClInclude Include="wfexti.h" />
    <ClInclude Include="wfinfo.h" />
    <ClInclude Include="wfmem.h" />
    <ClInclude Include="winexp.h" />
    <ClInclude Include="winfile.h" />
    <ClInclude Include="wnetcaps.h" />
    <ClInclude Include="res.h" />
    <ClInclude Include="wfdpi.h">
      <Filter>Header Files</Filter>
    </ClInclude>
    <ClInclude Include="resize.h" />
    <ClInclude Include="resource.h" />
    <ClInclude Include="wfdragsrc.h" />
    <ClInclude Include="gitbash.h" />
    <ClInclude Include="wfchgnot.h" />
    <ClInclude Include="wfcomman.h" />
    <ClInclude Include="wfdos.h" />
    <ClInclude Include="wfpng.h" />
    <ClInclude Include="wfrecyclebin.h" />
    <ClInclude Include="wfdir.h" />
    <ClInclude Include="wfdirrd.h" />
    <ClInclude Include="wfdirsrc.h" />
    <ClInclude Include="wfdrives.h" />
    <ClInclude Include="wfinit.h" />
    <ClInclude Include="wfsearch.h" />
    <ClInclude Include="wftree.h" />
    <ClInclude Include="wfutil.h" />
    <ClInclude Include="stringconstants.h" />
    <ClInclude Include="bookmark.h" />
  </ItemGroup>
  <ItemGroup>
    <ResourceCompile Include="res.rc" />
    <ResourceCompile Include="res_dummy.rc" />
  </ItemGroup>
  <ItemGroup>
    <Filter Include="lang">
      <UniqueIdentifier>{a74d83f3-58ec-46d3-bb3d-fadca6ac5743}</UniqueIdentifier>
    </Filter>
    <Filter Include="Header Files">
      <UniqueIdentifier>{b6d9ed22-0cec-49eb-bc90-62f789e58b57}</UniqueIdentifier>
    </Filter>
    <Filter Include="Source Files">
      <UniqueIdentifier>{e8fdd135-3f9a-4ae3-80b6-48ad9e23c7b7}</UniqueIdentifier>
    </Filter>
  </ItemGroup>
  <ItemGroup>
    <None Include="suggest.db" />
  </ItemGroup>
</Project>